
Microsoft Visual Studio Solution File, Format Version 12.00
# Visual Studio Version 17
VisualStudioVersion = 17.9.34714.143
MinimumVisualStudioVersion = 10.0.40219.1
Project("{9A19103F-16F7-4668-BE54-9A1E7A4F7556}") = "KafkaClient.Utils", "KafkaClient.Utils\KafkaClient.Utils.csproj", "{A65210E0-F83E-44AC-AD9D-A23C66F916B4}"
EndProject
Project("{2150E333-8FDC-42A3-9474-1A3956D46DE8}") = "ExampleConfig", "ExampleConfig", "{489A52D8-6960-4663-A930-FBFD6A586BBA}"
	ProjectSection(SolutionItems) = preProject
		appsettings.json = appsettings.json
	EndProjectSection
EndProject
Global
	GlobalSection(SolutionConfigurationPlatforms) = preSolution
		Debug|Any CPU = Debug|Any CPU
		Release|Any CPU = Release|Any CPU
	EndGlobalSection
	GlobalSection(ProjectConfigurationPlatforms) = postSolution
		{A65210E0-F83E-44AC-AD9D-A23C66F916B4}.Debug|Any CPU.ActiveCfg = Debug|Any CPU
		{A65210E0-F83E-44AC-AD9D-A23C66F916B4}.Debug|Any CPU.Build.0 = Debug|Any CPU
		{A65210E0-F83E-44AC-AD9D-A23C66F916B4}.Release|Any CPU.ActiveCfg = Release|Any CPU
		{A65210E0-F83E-44AC-AD9D-A23C66F916B4}.Release|Any CPU.Build.0 = Release|Any CPU
	EndGlobalSection
	GlobalSection(SolutionProperties) = preSolution
		HideSolutionNode = FALSE
	EndGlobalSection
	GlobalSection(ExtensibilityGlobals) = postSolution
		SolutionGuid = {302EDFAF-044F-45A5-86D6-DBBF540B62CE}
	EndGlobalSection
EndGlobal
